// !$*UTF8*$!
{
	archiveVersion = 1;
	classes = {
	};
	objectVersion = 56;
	objects = {

/* Begin PBXBuildFile section */
		181300E12947B4B000A3CE0D /* On_Drag_Gesture#2.swift in Sources */ = {isa = PBXBuildFile; fileRef = 181300E02947B4B000A3CE0D /* On_Drag_Gesture#2.swift */; };
		182EE4C729369932003FF607 /* Education_2App.swift in Sources */ = {isa = PBXBuildFile; fileRef = 182EE4C629369932003FF607 /* Education_2App.swift */; };
		182EE4C929369932003FF607 /* ContentView.swift in Sources */ = {isa = PBXBuildFile; fileRef = 182EE4C829369932003FF607 /* ContentView.swift */; };
		182EE4CB29369933003FF607 /* Assets.xcassets in Resources */ = {isa = PBXBuildFile; fileRef = 182EE4CA29369933003FF607 /* Assets.xcassets */; };
		182EE4CE29369933003FF607 /* Preview Assets.xcassets in Resources */ = {isa = PBXBuildFile; fileRef = 182EE4CD29369933003FF607 /* Preview Assets.xcassets */; };
		182EE4D5293699DE003FF607 /* OnLongPressGesture.swift in Sources */ = {isa = PBXBuildFile; fileRef = 182EE4D4293699DE003FF607 /* OnLongPressGesture.swift */; };
		18334A74293D21D000932E58 /* OnMagnificationGesture.swift in Sources */ = {isa = PBXBuildFile; fileRef = 18334A73293D21D000932E58 /* OnMagnificationGesture.swift */; };
/* End PBXBuildFile section */

/* Begin PBXFileReference section */
		181300E02947B4B000A3CE0D /* On_Drag_Gesture#2.swift */ = {isa = PBXFileReference; lastKnownFileType = sourcecode.swift; path = "On_Drag_Gesture#2.swift"; sourceTree = "<group>"; };
		182EE4C329369932003FF607 /* Education_2.app */ = {isa = PBXFileReference; explicitFileType = wrapper.application; includeInIndex = 0; path = Education_2.app; sourceTree = BUILT_PRODUCTS_DIR; };
		182EE4C629369932003FF607 /* Education_2App.swift */ = {isa = PBXFileReference; lastKnownFileType = sourcecode.swift; path = Education_2App.swift; sourceTree = "<group>"; };
		182EE4C829369932003FF607 /* ContentView.swift */ = {isa = PBXFileReference; lastKnownFileType = sourcecode.swift; path = ContentView.swift; sourceTree = "<group>"; };
		182EE4CA29369933003FF607 /* Assets.xcassets */ = {isa = PBXFileReference; lastKnownFileType = folder.assetcatalog; path = Assets.xcassets; sourceTree = "<group>"; };
		182EE4CD29369933003FF607 /* Preview Assets.xcassets */ = {isa = PBXFileReference; lastKnownFileType = folder.assetcatalog; path = "Preview Assets.xcassets"; sourceTree = "<group>"; };
		182EE4D4293699DE003FF607 /* OnLongPressGesture.swift */ = {isa = PBXFileReference; lastKnownFileType = sourcecode.swift; path = OnLongPressGesture.swift; sourceTree = "<group>"; };
		18334A73293D21D000932E58 /* OnMagnificationGesture.swift */ = {isa = PBXFileReference; lastKnownFileType = sourcecode.swift; path = OnMagnificationGesture.swift; sourceTree = "<group>"; };
/* End PBXFileReference section */

/* Begin PBXFrameworksBuildPhase section */
		182EE4C029369932003FF607 /* Frameworks */ = {
			isa = PBXFrameworksBuildPhase;
			buildActionMask = 2147483647;
			files = (
			);
			runOnlyForDeploymentPostprocessing = 0;
		};
/* End PBXFrameworksBuildPhase section */

/* Begin PBXGroup section */
		182EE4BA29369932003FF607 = {
			isa = PBXGroup;
			children = (
				182EE4C529369932003FF607 /* Education_2 */,
				182EE4C429369932003FF607 /* Products */,
			);
			sourceTree = "<group>";
		};
		182EE4C429369932003FF607 /* Products */ = {
			isa = PBXGroup;
			children = (
				182EE4C329369932003FF607 /* Education_2.app */,
			);
			name = Products;
			sourceTree = "<group>";
		};
		182EE4C529369932003FF607 /* Education_2 */ = {
			isa = PBXGroup;
			children = (
				182EE4C829369932003FF607 /* ContentView.swift */,
				182EE4C629369932003FF607 /* Education_2App.swift */,
				181300E02947B4B000A3CE0D /* On_Drag_Gesture#2.swift */,
				182EE4D4293699DE003FF607 /* OnLongPressGesture.swift */,
				18334A73293D21D000932E58 /* OnMagnificationGesture.swift */,
				182EE4CA29369933003FF607 /* Assets.xcassets */,
				182EE4CC29369933003FF607 /* Preview Content */,
			);
			path = Education_2;
			sourceTree = "<group>";
		};
		182EE4CC29369933003FF607 /* Preview Content */ = {
			isa = PBXGroup;
			children = (
				182EE4CD29369933003FF607 /* Preview Assets.xcassets */,
			);
			path = "Preview Content";
			sourceTree = "<group>";
		};
/* End PBXGroup section */

/* Begin PBXNativeTarget section */
		182EE4C229369932003FF607 /* Education_2 */ = {
			isa = PBXNativeTarget;
			buildConfigurationList = 182EE4D129369933003FF607 /* Build configuration list for PBXNativeTarget "Education_2" */;
			buildPhases = (
				182EE4BF29369932003FF607 /* Sources */,
				182EE4C029369932003FF607 /* Frameworks */,
				182EE4C129369932003FF607 /* Resources */,
			);
			buildRules = (
			);
			dependencies = (
			);
			name = Education_2;
			productName = Education_2;
			productReference = 182EE4C329369932003FF607 /* Education_2.app */;
			productType = "com.apple.product-type.application";
		};
/* End PBXNativeTarget section */

/* Begin PBXProject section */
		182EE4BB29369932003FF607 /* Project object */ = {
			isa = PBXProject;
			attributes = {
				BuildIndependentTargetsInParallel = 1;
				LastSwiftUpdateCheck = 1410;
				LastUpgradeCheck = 1410;
				TargetAttributes = {
					182EE4C229369932003FF607 = {
						CreatedOnToolsVersion = 14.1;
					};
				};
			};
			buildConfigurationList = 182EE4BE29369932003FF607 /* Build configuration list for PBXProject "Education_2" */;
			compatibilityVersion = "Xcode 14.0";
			developmentRegion = en;
			hasScannedForEncodings = 0;
			knownRegions = (
				en,
				Base,
			);
			mainGroup = 182EE4BA29369932003FF607;
			productRefGroup = 182EE4C429369932003FF607 /* Products */;
			projectDirPath = "";
			projectRoot = "";
			targets = (
				182EE4C229369932003FF607 /* Education_2 */,
			);
		};
/* End PBXProject section */

/* Begin PBXResourcesBuildPhase section */
		182EE4C129369932003FF607 /* Resources */ = {
			isa = PBXResourcesBuildPhase;
			buildActionMask = 2147483647;
			files = (
				182EE4CE29369933003FF607 /* Preview Assets.xcassets in Resources */,
				182EE4CB29369933003FF607 /* Assets.xcassets in Resources */,
			);
			runOnlyForDeploymentPostprocessing = 0;
		};
/* End PBXResourcesBuildPhase section */

/* Begin PBXSourcesBuildPhase section */
		182EE4BF29369932003FF607 /* Sources */ = {
			isa = PBXSourcesBuildPhase;
			buildActionMask = 2147483647;
			files = (
				181300E12947B4B000A3CE0D /* On_Drag_Gesture#2.swift in Sources */,
				18334A74293D21D000932E58 /* OnMagnificationGesture.swift in Sources */,
				182EE4C929369932003FF607 /* ContentView.swift in Sources */,
				182EE4C729369932003FF607 /* Education_2App.swift in Sources */,
				182EE4D5293699DE003FF607 /* OnLongPressGesture.swift in Sources */,
			);
			runOnlyForDeploymentPostprocessing = 0;
		};
/* End PBXSourcesBuildPhase section */

/* Begin XCBuildConfiguration section */
		182EE4CF29369933003FF607 /* Debug */ = {
			isa = XCBuildConfiguration;
			buildSettings = {
				ALWAYS_SEARCH_USER_PATHS = NO;
				CLANG_ANALYZER_NONNULL = YES;
				CLANG_ANALYZER_NUMBER_OBJECT_CONVERSION = YES_AGGRESSIVE;
				CLANG_CXX_LANGUAGE_STANDARD = "gnu++20";
				CLANG_ENABLE_MODULES = YES;
				CLANG_ENABLE_OBJC_ARC = YES;
				CLANG_ENABLE_OBJC_WEAK = YES;
				CLANG_WARN_BLOCK_CAPTURE_AUTORELEASING = YES;
				CLANG_WARN_BOOL_CONVERSION = YES;
				CLANG_WARN_COMMA = YES;
				CLANG_WARN_CONSTANT_CONVERSION = YES;
				CLANG_WARN_DEPRECATED_OBJC_IMPLEMENTATIONS = YES;
				CLANG_WARN_DIRECT_OBJC_ISA_USAGE = YES_ERROR;
				CLANG_WARN_DOCUMENTATION_COMMENTS = YES;
				CLANG_WARN_EMPTY_BODY = YES;
				CLANG_WARN_ENUM_CONVERSION = YES;
				CLANG_WARN_INFINITE_RECURSION = YES;
				CLANG_WARN_INT_CONVERSION = YES;
				CLANG_WARN_NON_LITERAL_NULL_CONVERSION = YES;
				CLANG_WARN_OBJC_IMPLICIT_RETAIN_SELF = YES;
				CLANG_WARN_OBJC_LITERAL_CONVERSION = YES;
				CLANG_WARN_OBJC_ROOT_CLASS = YES_ERROR;
				CLANG_WARN_QUOTED_INCLUDE_IN_FRAMEWORK_HEADER = YES;
				CLANG_WARN_RANGE_LOOP_ANALYSIS = YES;
				CLANG_WARN_STRICT_PROTOTYPES = YES;
				CLANG_WARN_SUSPICIOUS_MOVE = YES;
				CLANG_WARN_UNGUARDED_AVAILABILITY = YES_AGGRESSIVE;
				CLANG_WARN_UNREACHABLE_CODE = YES;
				CLANG_WARN__DUPLICATE_METHOD_MATCH = YES;
				COPY_PHASE_STRIP = NO;
				DEBUG_INFORMATION_FORMAT = dwarf;
				ENABLE_STRICT_OBJC_MSGSEND = YES;
				ENABLE_TESTABILITY = YES;
				GCC_C_LANGUAGE_STANDARD = gnu11;
				GCC_DYNAMIC_NO_PIC = NO;
				GCC_NO_COMMON_BLOCKS = YES;
				GCC_OPTIMIZATION_LEVEL = 0;
				GCC_PREPROCESSOR_DEFINITIONS = (
					"DEBUG=1",
					"$(inherited)",
				);
				GCC_WARN_64_TO_32_BIT_CONVERSION = YES;
				GCC_WARN_ABOUT_RETURN_TYPE = YES_ERROR;
				GCC_WARN_UNDECLARED_SELECTOR = YES;
				GCC_WARN_UNINITIALIZED_AUTOS = YES_AGGRESSIVE;
				GCC_WARN_UNUSED_FUNCTION = YES;
				GCC_WARN_UNUSED_VARIABLE = YES;
				IPHONEOS_DEPLOYMENT_TARGET = 16.1;
				MTL_ENABLE_DEBUG_INFO = INCLUDE_SOURCE;
				MTL_FAST_MATH = YES;
				ONLY_ACTIVE_ARCH = YES;
				SDKROOT = iphoneos;
				SWIFT_ACTIVE_COMPILATION_CONDITIONS = DEBUG;
				SWIFT_OPTIMIZATION_LEVEL = "-Onone";
			};
			name = Debug;
		};
		182EE4D029369933003FF607 /* Release */ = {
			isa = XCBuildConfiguration;
			buildSettings = {
				ALWAYS_SEARCH_USER_PATHS = NO;
				CLANG_ANALYZER_NONNULL = YES;
				CLANG_ANALYZER_NUMBER_OBJECT_CONVERSION = YES_AGGRESSIVE;
				CLANG_CXX_LANGUAGE_STANDARD = "gnu++20";
				CLANG_ENABLE_MODULES = YES;
				CLANG_ENABLE_OBJC_ARC = YES;
				CLANG_ENABLE_OBJC_WEAK = YES;
				CLANG_WARN_BLOCK_CAPTURE_AUTORELEASING = YES;
				CLANG_WARN_BOOL_CONVERSION = YES;
				CLANG_WARN_COMMA = YES;
				CLANG_WARN_CONSTANT_CONVERSION = YES;
				CLANG_WARN_DEPRECATED_OBJC_IMPLEMENTATIONS = YES;
				CLANG_WARN_DIRECT_OBJC_ISA_USAGE = YES_ERROR;
				CLANG_WARN_DOCUMENTATION_COMMENTS = YES;
				CLANG_WARN_EMPTY_BODY = YES;
				CLANG_WARN_ENUM_CONVERSION = YES;
				CLANG_WARN_INFINITE_RECURSION = YES;
				CLANG_WARN_INT_CONVERSION = YES;
				CLANG_WARN_NON_LITERAL_NULL_CONVERSION = YES;
				CLANG_WARN_OBJC_IMPLICIT_RETAIN_SELF = YES;
				CLANG_WARN_OBJC_LITERAL_CONVERSION = YES;
				CLANG_WARN_OBJC_ROOT_CLASS = YES_ERROR;
				CLANG_WARN_QUOTED_INCLUDE_IN_FRAMEWORK_HEADER = YES;
				CLANG_WARN_RANGE_LOOP_ANALYSIS = YES;
				CLANG_WARN_STRICT_PROTOTYPES = YES;
				CLANG_WARN_SUSPICIOUS_MOVE = YES;
				CLANG_WARN_UNGUARDED_AVAILABILITY = YES_AGGRESSIVE;
				CLANG_WARN_UNREACHABLE_CODE = YES;
				CLANG_WARN__DUPLICATE_METHOD_MATCH = YES;
				COPY_PHASE_STRIP = NO;
				DEBUG_INFORMATION_FORMAT = "dwarf-with-dsym";
				ENABLE_NS_ASSERTIONS = NO;
				ENABLE_STRICT_OBJC_MSGSEND = YES;
				GCC_C_LANGUAGE_STANDARD = gnu11;
				GCC_NO_COMMON_BLOCKS = YES;
				GCC_WARN_64_TO_32_BIT_CONVERSION = YES;
				GCC_WARN_ABOUT_RETURN_TYPE = YES_ERROR;
				GCC_WARN_UNDECLARED_SELECTOR = YES;
				GCC_WARN_UNINITIALIZED_AUTOS = YES_AGGRESSIVE;
				GCC_WARN_UNUSED_FUNCTION = YES;
				GCC_WARN_UNUSED_VARIABLE = YES;
				IPHONEOS_DEPLOYMENT_TARGET = 16.1;
				MTL_ENABLE_DEBUG_INFO = NO;
				MTL_FAST_MATH = YES;
				SDKROOT = iphoneos;
				SWIFT_COMPILATION_MODE = wholemodule;
				SWIFT_OPTIMIZATION_LEVEL = "-O";
				VALIDATE_PRODUCT = YES;
			};
			name = Release;
		};
		182EE4D229369933003FF607 /* Debug */ = {
			isa = XCBuildConfiguration;
			buildSettings = {
				ASSETCATALOG_COMPILER_APPICON_NAME = AppIcon;
				ASSETCATALOG_COMPILER_GLOBAL_ACCENT_COLOR_NAME = AccentColor;
				CODE_SIGN_STYLE = Automatic;
				CURRENT_PROJECT_VERSION = 1;
				DEVELOPMENT_ASSET_PATHS = "\"Education_2/Preview Content\"";
				DEVELOPMENT_TEAM = X74C4763XM;
				ENABLE_PREVIEWS = YES;
				GENERATE_INFOPLIST_FILE = YES;
				INFOPLIST_KEY_UIApplicationSceneManifest_Generation = YES;
				INFOPLIST_KEY_UIApplicationSupportsIndirectInputEvents = YES;
				INFOPLIST_KEY_UILaunchScreen_Generation = YES;
				INFOPLIST_KEY_UISupportedInterfaceOrientations_iPad = "UIInterfaceOrientationPortrait UIInterfaceOrientationPortraitUpsideDown UIInterfaceOrientationLandscapeLeft UIInterfaceOrientationLandscapeRight";
				INFOPLIST_KEY_UISupportedInterfaceOrientations_iPhone = "UIInterfaceOrientationPortrait UIInterfaceOrientationLandscapeLeft UIInterfaceOrientationLandscapeRight";
				LD_RUNPATH_SEARCH_PATHS = (
					"$(inherited)",
					"@executable_path/Frameworks",
				);
				MARKETING_VERSION = 1.0;
				PRODUCT_BUNDLE_IDENTIFIER = "ru.profa4oka.Education-2";
				PRODUCT_NAME = "$(TARGET_NAME)";
				SWIFT_EMIT_LOC_STRINGS = YES;
				SWIFT_VERSION = 5.0;
				TARGETED_DEVICE_FAMILY = "1,2";
			};
			name = Debug;
		};
		182EE4D329369933003FF607 /* Release */ = {
			isa = XCBuildConfiguration;
			buildSettings = {
				ASSETCATALOG_COMPILER_APPICON_NAME = AppIcon;
				ASSETCATALOG_COMPILER_GLOBAL_ACCENT_COLOR_NAME = AccentColor;
				CODE_SIGN_STYLE = Automatic;
				CURRENT_PROJECT_VERSION = 1;
				DEVELOPMENT_ASSET_PATHS = "\"Education_2/Preview Content\"";
				DEVELOPMENT_TEAM = X74C4763XM;
				ENABLE_PREVIEWS = YES;
				GENERATE_INFOPLIST_FILE = YES;
				INFOPLIST_KEY_UIApplicationSceneManifest_Generation = YES;
				INFOPLIST_KEY_UIApplicationSupportsIndirectInputEvents = YES;
				INFOPLIST_KEY_UILaunchScreen_Generation = YES;
				INFOPLIST_KEY_UISupportedInterfaceOrientations_iPad = "UIInterfaceOrientationPortrait UIInterfaceOrientationPortraitUpsideDown UIInterfaceOrientationLandscapeLeft UIInterfaceOrientationLandscapeRight";
				INFOPLIST_KEY_UISupportedInterfaceOrientations_iPhone = "UIInterfaceOrientationPortrait UIInterfaceOrientationLandscapeLeft UIInterfaceOrientationLandscapeRight";
				LD_RUNPATH_SEARCH_PATHS = (
					"$(inherited)",
					"@executable_path/Frameworks",
				);
				MARKETING_VERSION = 1.0;
				PRODUCT_BUNDLE_IDENTIFIER = "ru.profa4oka.Education-2";
				PRODUCT_NAME = "$(TARGET_NAME)";
				SWIFT_EMIT_LOC_STRINGS = YES;
				SWIFT_VERSION = 5.0;
				TARGETED_DEVICE_FAMILY = "1,2";
			};
			name = Release;
		};
/* End XCBuildConfiguration section */

/* Begin XCConfigurationList section */
		182EE4BE29369932003FF607 /* Build configuration list for PBXProject "Education_2" */ = {
			isa = XCConfigurationList;
			buildConfigurations = (
				182EE4CF29369933003FF607 /* Debug */,
				182EE4D029369933003FF607 /* Release */,
			);
			defaultConfigurationIsVisible = 0;
			defaultConfigurationName = Release;
		};
		182EE4D129369933003FF607 /* Build configuration list for PBXNativeTarget "Education_2" */ = {
			isa = XCConfigurationList;
			buildConfigurations = (
				182EE4D229369933003FF607 /* Debug */,
				182EE4D329369933003FF607 /* Release */,
			);
			defaultConfigurationIsVisible = 0;
			defaultConfigurationName = Release;
		};
/* End XCConfigurationList section */
	};
	rootObject = 182EE4BB29369932003FF607 /* Project object */;
}
